PODS:
  - Expecta (1.0.6)
  - HSModules (0.1.0)
  - Specta (1.0.7)

DEPENDENCIES:
  - Expecta
  - HSModules (from `../`)
  - Specta

SPEC REPOS:
  trunk:
    - Expecta
    - Specta

EXTERNAL SOURCES:
  HSModules:
    :path: "../"

SPEC CHECKSUMS:
  Expecta: 3b6bd90a64b9a1dcb0b70aa0e10a7f8f631667d5
  HSModules: 412c4674d01ad36f9e6011eebad6a3f692bdb0f2
  Specta: 3e1bd89c3517421982dc4d1c992503e48bd5fe66

PODFILE CHECKSUM: 32fb2b85f399fc036da8fe2cf72b8e153d54c44b

COCOAPODS: 1.8.0
